// !$*UTF8*$!
{
	archiveVersion = 1;
	classes = {
	};
	objectVersion = 51;
	objects = {

/* Begin PBXBuildFile section */
		20421086BD54203015D9743E /* Pods_ChatApp_ChatAppUITests.framework in Frameworks */ = {isa = PBXBuildFile; fileRef = DE42A3C1F1C55F8032002F86 /* Pods_ChatApp_ChatAppUITests.framework */; };
		8412AABF251F961E003BDD47 /* ChatRoom.storyboard in Resources */ = {isa = PBXBuildFile; fileRef = 8412AABE251F961E003BDD47 /* ChatRoom.storyboard */; };
		8412AAC4251F9768003BDD47 /* ChatRoomViewController.swift in Sources */ = {isa = PBXBuildFile; fileRef = 8412AAC3251F9768003BDD47 /* ChatRoomViewController.swift */; };
		8432EF6D25248DE90077156F /* UIcolor_Extension.swift in Sources */ = {isa = PBXBuildFile; fileRef = 8432EF6C25248DE90077156F /* UIcolor_Extension.swift */; };
		845D3BA42525D88A0038CCE1 /* UIViewController_Extension.swift in Sources */ = {isa = PBXBuildFile; fileRef = 845D3BA32525D88A0038CCE1 /* UIViewController_Extension.swift */; };
		845D3BAC2525EB3C0038CCE1 /* UIAlertController_ Extension.swift in Sources */ = {isa = PBXBuildFile; fileRef = 845D3BAB2525EB3C0038CCE1 /* UIAlertController_ Extension.swift */; };
		84894D4725204DAA000128BF /* MyChatViewCell.swift in Sources */ = {isa = PBXBuildFile; fileRef = 84894D4525204DA9000128BF /* MyChatViewCell.swift */; };
		84894D4825204DAA000128BF /* MyChatViewCell.xib in Resources */ = {isa = PBXBuildFile; fileRef = 84894D4625204DAA000128BF /* MyChatViewCell.xib */; };
		84894D4D25206A74000128BF /* MyBalloonView.swift in Sources */ = {isa = PBXBuildFile; fileRef = 84894D4C25206A74000128BF /* MyBalloonView.swift */; };
		84894D5625206EB8000128BF /* YourChatViewCell.swift in Sources */ = {isa = PBXBuildFile; fileRef = 84894D5425206EB8000128BF /* YourChatViewCell.swift */; };
		84894D5725206EB8000128BF /* YourChatViewCell.xib in Resources */ = {isa = PBXBuildFile; fileRef = 84894D5525206EB8000128BF /* YourChatViewCell.xib */; };
		84988206252076240003E866 /* YourBalloonView.swift in Sources */ = {isa = PBXBuildFile; fileRef = 84988205252076240003E866 /* YourBalloonView.swift */; };
		8498820B2520D0660003E866 /* ChatCreate.storyboard in Resources */ = {isa = PBXBuildFile; fileRef = 8498820A2520D0660003E866 /* ChatCreate.storyboard */; };
		849882132520D1450003E866 /* ChatCreateViewController.swift in Sources */ = {isa = PBXBuildFile; fileRef = 849882122520D1450003E866 /* ChatCreateViewController.swift */; };
		8498821B2520E3FC0003E866 /* Login.storyboard in Resources */ = {isa = PBXBuildFile; fileRef = 8498821A2520E3FC0003E866 /* Login.storyboard */; };
		849882202520E4200003E866 /* SignUp.storyboard in Resources */ = {isa = PBXBuildFile; fileRef = 8498821F2520E4200003E866 /* SignUp.storyboard */; };
		849882282520E5B60003E866 /* LoginViewController.swift in Sources */ = {isa = PBXBuildFile; fileRef = 849882272520E5B60003E866 /* LoginViewController.swift */; };
		8498822D2520E5C50003E866 /* SignUpViewController.swift in Sources */ = {isa = PBXBuildFile; fileRef = 8498822C2520E5C50003E866 /* SignUpViewController.swift */; };
		84AC559F251F4EE00037B66B /* AppDelegate.swift in Sources */ = {isa = PBXBuildFile; fileRef = 84AC559E251F4EE00037B66B /* AppDelegate.swift */; };
		84AC55A1251F4EE00037B66B /* SceneDelegate.swift in Sources */ = {isa = PBXBuildFile; fileRef = 84AC55A0251F4EE00037B66B /* SceneDelegate.swift */; };
		84AC55A3251F4EE00037B66B /* ViewController.swift in Sources */ = {isa = PBXBuildFile; fileRef = 84AC55A2251F4EE00037B66B /* ViewController.swift */; };
		84AC55A6251F4EE00037B66B /* Main.storyboard in Resources */ = {isa = PBXBuildFile; fileRef = 84AC55A4251F4EE00037B66B /* Main.storyboard */; };
		84AC55A8251F4EE20037B66B /* Assets.xcassets in Resources */ = {isa = PBXBuildFile; fileRef = 84AC55A7251F4EE20037B66B /* Assets.xcassets */; };
		84AC55AB251F4EE20037B66B /* LaunchScreen.storyboard in Resources */ = {isa = PBXBuildFile; fileRef = 84AC55A9251F4EE20037B66B /* LaunchScreen.storyboard */; };
		84AC55B6251F4EE20037B66B /* ChatAppTests.swift in Sources */ = {isa = PBXBuildFile; fileRef = 84AC55B5251F4EE20037B66B /* ChatAppTests.swift */; };
		84AC55C1251F4EE20037B66B /* ChatAppUITests.swift in Sources */ = {isa = PBXBuildFile; fileRef = 84AC55C0251F4EE20037B66B /* ChatAppUITests.swift */; };
		84AC55D2251F50CF0037B66B /* ChatList.storyboard in Resources */ = {isa = PBXBuildFile; fileRef = 84AC55D1251F50CF0037B66B /* ChatList.storyboard */; };
		84AC55D7251F51A90037B66B /* ChatListViewController.swift in Sources */ = {isa = PBXBuildFile; fileRef = 84AC55D6251F51A90037B66B /* ChatListViewController.swift */; };
		84BE78D02523821000613A88 /* GoogleService-Info.plist in Resources */ = {isa = PBXBuildFile; fileRef = 84BE78CF2523820F00613A88 /* GoogleService-Info.plist */; };
		C2CF5B253253FF397E1B3758 /* Pods_ChatAppTests.framework in Frameworks */ = {isa = PBXBuildFile; fileRef = 1835B9882CC5D2B65454D718 /* Pods_ChatAppTests.framework */; };
		F6A2CC37861B94AD26B98E6E /* Pods_ChatApp.framework in Frameworks */ = {isa = PBXBuildFile; fileRef = 443CCD74F2988CA884521B16 /* Pods_ChatApp.framework */; };
/* End PBXBuildFile section */

/* Begin PBXContainerItemProxy section */
		84AC55B2251F4EE20037B66B /* PBXContainerItemProxy */ = {
			isa = PBXContainerItemProxy;
			containerPortal = 84AC5593251F4EE00037B66B /* Project object */;
			proxyType = 1;
			remoteGlobalIDString = 84AC559A251F4EE00037B66B;
			remoteInfo = ChatApp;
		};
		84AC55BD251F4EE20037B66B /* PBXContainerItemProxy */ = {
			isa = PBXContainerItemProxy;
			containerPortal = 84AC5593251F4EE00037B66B /* Project object */;
			proxyType = 1;
			remoteGlobalIDString = 84AC559A251F4EE00037B66B;
			remoteInfo = ChatApp;
		};
/* End PBXContainerItemProxy section */

/* Begin PBXFileReference section */
		1835B9882CC5D2B65454D718 /* Pods_ChatAppTests.framework */ = {isa = PBXFileReference; explicitFileType = wrapper.framework; includeInIndex = 0; path = Pods_ChatAppTests.framework; sourceTree = BUILT_PRODUCTS_DIR; };
		443CCD74F2988CA884521B16 /* Pods_ChatApp.framework */ = {isa = PBXFileReference; explicitFileType = wrapper.framework; includeInIndex = 0; path = Pods_ChatApp.framework; sourceTree = BUILT_PRODUCTS_DIR; };
		56696AA51B9A5910B981C976 /* Pods-ChatApp-ChatAppUITests.release.xcconfig */ = {isa = PBXFileReference; includeInIndex = 1; lastKnownFileType = text.xcconfig; name = "Pods-ChatApp-ChatAppUITests.release.xcconfig"; path = "Target Support Files/Pods-ChatApp-ChatAppUITests/Pods-ChatApp-ChatAppUITests.release.xcconfig"; sourceTree = "<group>"; };
		60D80B5A7470A614F95DD458 /* Pods-ChatAppTests.release.xcconfig */ = {isa = PBXFileReference; includeInIndex = 1; lastKnownFileType = text.xcconfig; name = "Pods-ChatAppTests.release.xcconfig"; path = "Target Support Files/Pods-ChatAppTests/Pods-ChatAppTests.release.xcconfig"; sourceTree = "<group>"; };
		62803DD86FA63FE4EEEA1C4F /* Pods-ChatApp-ChatAppUITests.debug.xcconfig */ = {isa = PBXFileReference; includeInIndex = 1; lastKnownFileType = text.xcconfig; name = "Pods-ChatApp-ChatAppUITests.debug.xcconfig"; path = "Target Support Files/Pods-ChatApp-ChatAppUITests/Pods-ChatApp-ChatAppUITests.debug.xcconfig"; sourceTree = "<group>"; };
		8412AABE251F961E003BDD47 /* ChatRoom.storyboard */ = {isa = PBXFileReference; lastKnownFileType = file.storyboard; path = ChatRoom.storyboard; sourceTree = "<group>"; };
		8412AAC3251F9768003BDD47 /* ChatRoomViewController.swift */ = {isa = PBXFileReference; lastKnownFileType = sourcecode.swift; path = ChatRoomViewController.swift; sourceTree = "<group>"; };
		8432EF6C25248DE90077156F /* UIcolor_Extension.swift */ = {isa = PBXFileReference; lastKnownFileType = sourcecode.swift; path = UIcolor_Extension.swift; sourceTree = "<group>"; };
		845D3BA32525D88A0038CCE1 /* UIViewController_Extension.swift */ = {isa = PBXFileReference; lastKnownFileType = sourcecode.swift; path = UIViewController_Extension.swift; sourceTree = "<group>"; };
		845D3BAB2525EB3C0038CCE1 /* UIAlertController_ Extension.swift */ = {isa = PBXFileReference; lastKnownFileType = sourcecode.swift; path = "UIAlertController_ Extension.swift"; sourceTree = "<group>"; };
		84894D4525204DA9000128BF /* MyChatViewCell.swift */ = {isa = PBXFileReference; lastKnownFileType = sourcecode.swift; path = MyChatViewCell.swift; sourceTree = "<group>"; };
		84894D4625204DAA000128BF /* MyChatViewCell.xib */ = {isa = PBXFileReference; lastKnownFileType = file.xib; path = MyChatViewCell.xib; sourceTree = "<group>"; };
		84894D4C25206A74000128BF /* MyBalloonView.swift */ = {isa = PBXFileReference; lastKnownFileType = sourcecode.swift; path = MyBalloonView.swift; sourceTree = "<group>"; };
		84894D5425206EB8000128BF /* YourChatViewCell.swift */ = {isa = PBXFileReference; lastKnownFileType = sourcecode.swift; path = YourChatViewCell.swift; sourceTree = "<group>"; };
		84894D5525206EB8000128BF /* YourChatViewCell.xib */ = {isa = PBXFileReference; lastKnownFileType = file.xib; path = YourChatViewCell.xib; sourceTree = "<group>"; };
		84988205252076240003E866 /* YourBalloonView.swift */ = {isa = PBXFileReference; lastKnownFileType = sourcecode.swift; path = YourBalloonView.swift; sourceTree = "<group>"; };
		8498820A2520D0660003E866 /* ChatCreate.storyboard */ = {isa = PBXFileReference; lastKnownFileType = file.storyboard; path = ChatCreate.storyboard; sourceTree = "<group>"; };
		849882122520D1450003E866 /* ChatCreateViewController.swift */ = {isa = PBXFileReference; lastKnownFileType = sourcecode.swift; path = ChatCreateViewController.swift; sourceTree = "<group>"; };
		8498821A2520E3FC0003E866 /* Login.storyboard */ = {isa = PBXFileReference; lastKnownFileType = file.storyboard; path = Login.storyboard; sourceTree = "<group>"; };
		8498821F2520E4200003E866 /* SignUp.storyboard */ = {isa = PBXFileReference; lastKnownFileType = file.storyboard; path = SignUp.storyboard; sourceTree = "<group>"; };
		849882272520E5B60003E866 /* LoginViewController.swift */ = {isa = PBXFileReference; lastKnownFileType = sourcecode.swift; path = LoginViewController.swift; sourceTree = "<group>"; };
		8498822C2520E5C50003E866 /* SignUpViewController.swift */ = {isa = PBXFileReference; lastKnownFileType = sourcecode.swift; path = SignUpViewController.swift; sourceTree = "<group>"; };
		84AC559B251F4EE00037B66B /* ChatApp.app */ = {isa = PBXFileReference; explicitFileType = wrapper.application; includeInIndex = 0; path = ChatApp.app; sourceTree = BUILT_PRODUCTS_DIR; };
		84AC559E251F4EE00037B66B /* AppDelegate.swift */ = {isa = PBXFileReference; lastKnownFileType = sourcecode.swift; path = AppDelegate.swift; sourceTree = "<group>"; };
		84AC55A0251F4EE00037B66B /* SceneDelegate.swift */ = {isa = PBXFileReference; lastKnownFileType = sourcecode.swift; path = SceneDelegate.swift; sourceTree = "<group>"; };
		84AC55A2251F4EE00037B66B /* ViewController.swift */ = {isa = PBXFileReference; lastKnownFileType = sourcecode.swift; path = ViewController.swift; sourceTree = "<group>"; };
		84AC55A5251F4EE00037B66B /* Base */ = {isa = PBXFileReference; lastKnownFileType = file.storyboard; name = Base; path = Base.lproj/Main.storyboard; sourceTree = "<group>"; };
		84AC55A7251F4EE20037B66B /* Assets.xcassets */ = {isa = PBXFileReference; lastKnownFileType = folder.assetcatalog; path = Assets.xcassets; sourceTree = "<group>"; };
		84AC55AA251F4EE20037B66B /* Base */ = {isa = PBXFileReference; lastKnownFileType = file.storyboard; name = Base; path = Base.lproj/LaunchScreen.storyboard; sourceTree = "<group>"; };
		84AC55AC251F4EE20037B66B /* Info.plist */ = {isa = PBXFileReference; lastKnownFileType = text.plist.xml; path = Info.plist; sourceTree = "<group>"; };
		84AC55B1251F4EE20037B66B /* ChatAppTests.xctest */ = {isa = PBXFileReference; explicitFileType = wrapper.cfbundle; includeInIndex = 0; path = ChatAppTests.xctest; sourceTree = BUILT_PRODUCTS_DIR; };
		84AC55B5251F4EE20037B66B /* ChatAppTests.swift */ = {isa = PBXFileReference; lastKnownFileType = sourcecode.swift; path = ChatAppTests.swift; sourceTree = "<group>"; };
		84AC55B7251F4EE20037B66B /* Info.plist */ = {isa = PBXFileReference; lastKnownFileType = text.plist.xml; path = Info.plist; sourceTree = "<group>"; };
		84AC55BC251F4EE20037B66B /* ChatAppUITests.xctest */ = {isa = PBXFileReference; explicitFileType = wrapper.cfbundle; includeInIndex = 0; path = ChatAppUITests.xctest; sourceTree = BUILT_PRODUCTS_DIR; };
		84AC55C0251F4EE20037B66B /* ChatAppUITests.swift */ = {isa = PBXFileReference; lastKnownFileType = sourcecode.swift; path = ChatAppUITests.swift; sourceTree = "<group>"; };
		84AC55C2251F4EE20037B66B /* Info.plist */ = {isa = PBXFileReference; lastKnownFileType = text.plist.xml; path = Info.plist; sourceTree = "<group>"; };
		84AC55D1251F50CF0037B66B /* ChatList.storyboard */ = {isa = PBXFileReference; lastKnownFileType = file.storyboard; path = ChatList.storyboard; sourceTree = "<group>"; };
		84AC55D6251F51A90037B66B /* ChatListViewController.swift */ = {isa = PBXFileReference; lastKnownFileType = sourcecode.swift; path = ChatListViewController.swift; sourceTree = "<group>"; };
		84BE78CF2523820F00613A88 /* GoogleService-Info.plist */ = {isa = PBXFileReference; fileEncoding = 4; lastKnownFileType = text.plist.xml; name = "GoogleService-Info.plist"; path = "../../../Downloads/GoogleService-Info.plist"; sourceTree = "<group>"; };
		B2FE7D0B2ED567EFFD2BBA29 /* Pods-ChatApp.release.xcconfig */ = {isa = PBXFileReference; includeInIndex = 1; lastKnownFileType = text.xcconfig; name = "Pods-ChatApp.release.xcconfig"; path = "Target Support Files/Pods-ChatApp/Pods-ChatApp.release.xcconfig"; sourceTree = "<group>"; };
		BC50F77C29B7A64A29976FEE /* Pods-ChatAppTests.debug.xcconfig */ = {isa = PBXFileReference; includeInIndex = 1; lastKnownFileType = text.xcconfig; name = "Pods-ChatAppTests.debug.xcconfig"; path = "Target Support Files/Pods-ChatAppTests/Pods-ChatAppTests.debug.xcconfig"; sourceTree = "<group>"; };
		CC0138948FC287996151055F /* Pods-ChatApp.debug.xcconfig */ = {isa = PBXFileReference; includeInIndex = 1; lastKnownFileType = text.xcconfig; name = "Pods-ChatApp.debug.xcconfig"; path = "Target Support Files/Pods-ChatApp/Pods-ChatApp.debug.xcconfig"; sourceTree = "<group>"; };
		DE42A3C1F1C55F8032002F86 /* Pods_ChatApp_ChatAppUITests.framework */ = {isa = PBXFileReference; explicitFileType = wrapper.framework; includeInIndex = 0; path = Pods_ChatApp_ChatAppUITests.framework; sourceTree = BUILT_PRODUCTS_DIR; };
/* End PBXFileReference section */

/* Begin PBXFrameworksBuildPhase section */
		84AC5598251F4EE00037B66B /* Frameworks */ = {
			isa = PBXFrameworksBuildPhase;
			buildActionMask = 2147483647;
			files = (
				F6A2CC37861B94AD26B98E6E /* Pods_ChatApp.framework in Frameworks */,
			);
			runOnlyForDeploymentPostprocessing = 0;
		};
		84AC55AE251F4EE20037B66B /* Frameworks */ = {
			isa = PBXFrameworksBuildPhase;
			buildActionMask = 2147483647;
			files = (
				C2CF5B253253FF397E1B3758 /* Pods_ChatAppTests.framework in Frameworks */,
			);
			runOnlyForDeploymentPostprocessing = 0;
		};
		84AC55B9251F4EE20037B66B /* Frameworks */ = {
			isa = PBXFrameworksBuildPhase;
			buildActionMask = 2147483647;
			files = (
				20421086BD54203015D9743E /* Pods_ChatApp_ChatAppUITests.framework in Frameworks */,
			);
			runOnlyForDeploymentPostprocessing = 0;
		};
/* End PBXFrameworksBuildPhase section */

/* Begin PBXGroup section */
		1726E1A8BCEF41287358D213 /* Frameworks */ = {
			isa = PBXGroup;
			children = (
				443CCD74F2988CA884521B16 /* Pods_ChatApp.framework */,
				DE42A3C1F1C55F8032002F86 /* Pods_ChatApp_ChatAppUITests.framework */,
				1835B9882CC5D2B65454D718 /* Pods_ChatAppTests.framework */,
			);
			name = Frameworks;
			sourceTree = "<group>";
		};
		8412AABA251F9553003BDD47 /* View */ = {
			isa = PBXGroup;
			children = (
				8498821A2520E3FC0003E866 /* Login.storyboard */,
				8498821F2520E4200003E866 /* SignUp.storyboard */,
				84AC55D1251F50CF0037B66B /* ChatList.storyboard */,
				8412AABE251F961E003BDD47 /* ChatRoom.storyboard */,
				8498820A2520D0660003E866 /* ChatCreate.storyboard */,
				84894D4625204DAA000128BF /* MyChatViewCell.xib */,
				84894D5525206EB8000128BF /* YourChatViewCell.xib */,
			);
			path = View;
			sourceTree = "<group>";
		};
		8412AABC251F956B003BDD47 /* Model */ = {
			isa = PBXGroup;
			children = (
				84894D4C25206A74000128BF /* MyBalloonView.swift */,
				84988205252076240003E866 /* YourBalloonView.swift */,
				8432EF6C25248DE90077156F /* UIcolor_Extension.swift */,
				845D3BA32525D88A0038CCE1 /* UIViewController_Extension.swift */,
				845D3BAB2525EB3C0038CCE1 /* UIAlertController_ Extension.swift */,
			);
			path = Model;
			sourceTree = "<group>";
		};
		8412AABD251F958E003BDD47 /* Controller */ = {
			isa = PBXGroup;
			children = (
				849882272520E5B60003E866 /* LoginViewController.swift */,
				8498822C2520E5C50003E866 /* SignUpViewController.swift */,
				84AC55D6251F51A90037B66B /* ChatListViewController.swift */,
				8412AAC3251F9768003BDD47 /* ChatRoomViewController.swift */,
				849882122520D1450003E866 /* ChatCreateViewController.swift */,
				84894D4525204DA9000128BF /* MyChatViewCell.swift */,
				84894D5425206EB8000128BF /* YourChatViewCell.swift */,
			);
			path = Controller;
			sourceTree = "<group>";
		};
		84AC5592251F4EE00037B66B = {
			isa = PBXGroup;
			children = (
				84AC559D251F4EE00037B66B /* ChatApp */,
				84AC55B4251F4EE20037B66B /* ChatAppTests */,
				84AC55BF251F4EE20037B66B /* ChatAppUITests */,
				84AC559C251F4EE00037B66B /* Products */,
				F39AC694B4F77E3021B947E8 /* Pods */,
				1726E1A8BCEF41287358D213 /* Frameworks */,
			);
			sourceTree = "<group>";
		};
		84AC559C251F4EE00037B66B /* Products */ = {
			isa = PBXGroup;
			children = (
				84AC559B251F4EE00037B66B /* ChatApp.app */,
				84AC55B1251F4EE20037B66B /* ChatAppTests.xctest */,
				84AC55BC251F4EE20037B66B /* ChatAppUITests.xctest */,
			);
			name = Products;
			sourceTree = "<group>";
		};
		84AC559D251F4EE00037B66B /* ChatApp */ = {
			isa = PBXGroup;
			children = (
				8412AABC251F956B003BDD47 /* Model */,
				8412AABA251F9553003BDD47 /* View */,
				8412AABD251F958E003BDD47 /* Controller */,
				84AC559E251F4EE00037B66B /* AppDelegate.swift */,
				84AC55A0251F4EE00037B66B /* SceneDelegate.swift */,
				84AC55A2251F4EE00037B66B /* ViewController.swift */,
				84AC55A4251F4EE00037B66B /* Main.storyboard */,
				84AC55A7251F4EE20037B66B /* Assets.xcassets */,
				84AC55A9251F4EE20037B66B /* LaunchScreen.storyboard */,
				84AC55AC251F4EE20037B66B /* Info.plist */,
				84BE78CF2523820F00613A88 /* GoogleService-Info.plist */,
			);
			path = ChatApp;
			sourceTree = "<group>";
		};
		84AC55B4251F4EE20037B66B /* ChatAppTests */ = {
			isa = PBXGroup;
			children = (
				84AC55B5251F4EE20037B66B /* ChatAppTests.swift */,
				84AC55B7251F4EE20037B66B /* Info.plist */,
			);
			path = ChatAppTests;
			sourceTree = "<group>";
		};
		84AC55BF251F4EE20037B66B /* ChatAppUITests */ = {
			isa = PBXGroup;
			children = (
				84AC55C0251F4EE20037B66B /* ChatAppUITests.swift */,
				84AC55C2251F4EE20037B66B /* Info.plist */,
			);
			path = ChatAppUITests;
			sourceTree = "<group>";
		};
		F39AC694B4F77E3021B947E8 /* Pods */ = {
			isa = PBXGroup;
			children = (
				CC0138948FC287996151055F /* Pods-ChatApp.debug.xcconfig */,
				B2FE7D0B2ED567EFFD2BBA29 /* Pods-ChatApp.release.xcconfig */,
				62803DD86FA63FE4EEEA1C4F /* Pods-ChatApp-ChatAppUITests.debug.xcconfig */,
				56696AA51B9A5910B981C976 /* Pods-ChatApp-ChatAppUITests.release.xcconfig */,
				BC50F77C29B7A64A29976FEE /* Pods-ChatAppTests.debug.xcconfig */,
				60D80B5A7470A614F95DD458 /* Pods-ChatAppTests.release.xcconfig */,
			);
			path = Pods;
			sourceTree = "<group>";
		};
/* End PBXGroup section */

/* Begin PBXNativeTarget section */
		84AC559A251F4EE00037B66B /* ChatApp */ = {
			isa = PBXNativeTarget;
			buildConfigurationList = 84AC55C5251F4EE20037B66B /* Build configuration list for PBXNativeTarget "ChatApp" */;
			buildPhases = (
				A71CA5A88F9A1146EFBD0056 /* [CP] Check Pods Manifest.lock */,
				84AC5597251F4EE00037B66B /* Sources */,
				84AC5598251F4EE00037B66B /* Frameworks */,
				84AC5599251F4EE00037B66B /* Resources */,
				1938042B812500A86D38DED3 /* [CP] Embed Pods Frameworks */,
			);
			buildRules = (
			);
			dependencies = (
			);
			name = ChatApp;
			productName = ChatApp;
			productReference = 84AC559B251F4EE00037B66B /* ChatApp.app */;
			productType = "com.apple.product-type.application";
		};
		84AC55B0251F4EE20037B66B /* ChatAppTests */ = {
			isa = PBXNativeTarget;
			buildConfigurationList = 84AC55C8251F4EE20037B66B /* Build configuration list for PBXNativeTarget "ChatAppTests" */;
			buildPhases = (
				EE028CFFED2704B1A6BF7318 /* [CP] Check Pods Manifest.lock */,
				84AC55AD251F4EE20037B66B /* Sources */,
				84AC55AE251F4EE20037B66B /* Frameworks */,
				84AC55AF251F4EE20037B66B /* Resources */,
			);
			buildRules = (
			);
			dependencies = (
				84AC55B3251F4EE20037B66B /* PBXTargetDependency */,
			);
			name = ChatAppTests;
			productName = ChatAppTests;
			productReference = 84AC55B1251F4EE20037B66B /* ChatAppTests.xctest */;
			productType = "com.apple.product-type.bundle.unit-test";
		};
		84AC55BB251F4EE20037B66B /* ChatAppUITests */ = {
			isa = PBXNativeTarget;
			buildConfigurationList = 84AC55CB251F4EE20037B66B /* Build configuration list for PBXNativeTarget "ChatAppUITests" */;
			buildPhases = (
				B0CE1790BA8C0773522E3574 /* [CP] Check Pods Manifest.lock */,
				84AC55B8251F4EE20037B66B /* Sources */,
				84AC55B9251F4EE20037B66B /* Frameworks */,
				84AC55BA251F4EE20037B66B /* Resources */,
				636D6E871B2109C68FB177C0 /* [CP] Embed Pods Frameworks */,
			);
			buildRules = (
			);
			dependencies = (
				84AC55BE251F4EE20037B66B /* PBXTargetDependency */,
			);
			name = ChatAppUITests;
			productName = ChatAppUITests;
			productReference = 84AC55BC251F4EE20037B66B /* ChatAppUITests.xctest */;
			productType = "com.apple.product-type.bundle.ui-testing";
		};
/* End PBXNativeTarget section */

/* Begin PBXProject section */
		84AC5593251F4EE00037B66B /* Project object */ = {
			isa = PBXProject;
			attributes = {
				LastSwiftUpdateCheck = 1200;
				LastUpgradeCheck = 1200;
				TargetAttributes = {
					84AC559A251F4EE00037B66B = {
						CreatedOnToolsVersion = 12.0;
					};
					84AC55B0251F4EE20037B66B = {
						CreatedOnToolsVersion = 12.0;
						TestTargetID = 84AC559A251F4EE00037B66B;
					};
					84AC55BB251F4EE20037B66B = {
						CreatedOnToolsVersion = 12.0;
						TestTargetID = 84AC559A251F4EE00037B66B;
					};
				};
			};
			buildConfigurationList = 84AC5596251F4EE00037B66B /* Build configuration list for PBXProject "ChatApp" */;
			compatibilityVersion = "Xcode 9.3";
			developmentRegion = en;
			hasScannedForEncodings = 0;
			knownRegions = (
				en,
				Base,
			);
			mainGroup = 84AC5592251F4EE00037B66B;
			productRefGroup = 84AC559C251F4EE00037B66B /* Products */;
			projectDirPath = "";
			projectRoot = "";
			targets = (
				84AC559A251F4EE00037B66B /* ChatApp */,
				84AC55B0251F4EE20037B66B /* ChatAppTests */,
				84AC55BB251F4EE20037B66B /* ChatAppUITests */,
			);
		};
/* End PBXProject section */

/* Begin PBXResourcesBuildPhase section */
		84AC5599251F4EE00037B66B /* Resources */ = {
			isa = PBXResourcesBuildPhase;
			buildActionMask = 2147483647;
			files = (
				8498820B2520D0660003E866 /* ChatCreate.storyboard in Resources */,
				84AC55AB251F4EE20037B66B /* LaunchScreen.storyboard in Resources */,
				8412AABF251F961E003BDD47 /* ChatRoom.storyboard in Resources */,
				84894D5725206EB8000128BF /* YourChatViewCell.xib in Resources */,
				849882202520E4200003E866 /* SignUp.storyboard in Resources */,
				84894D4825204DAA000128BF /* MyChatViewCell.xib in Resources */,
				84AC55A8251F4EE20037B66B /* Assets.xcassets in Resources */,
				84AC55D2251F50CF0037B66B /* ChatList.storyboard in Resources */,
				84BE78D02523821000613A88 /* GoogleService-Info.plist in Resources */,
				84AC55A6251F4EE00037B66B /* Main.storyboard in Resources */,
				8498821B2520E3FC0003E866 /* Login.storyboard in Resources */,
			);
			runOnlyForDeploymentPostprocessing = 0;
		};
		84AC55AF251F4EE20037B66B /* Resources */ = {
			isa = PBXResourcesBuildPhase;
			buildActionMask = 2147483647;
			files = (
			);
			runOnlyForDeploymentPostprocessing = 0;
		};
		84AC55BA251F4EE20037B66B /* Resources */ = {
			isa = PBXResourcesBuildPhase;
			buildActionMask = 2147483647;
			files = (
			);
			runOnlyForDeploymentPostprocessing = 0;
		};
/* End PBXResourcesBuildPhase section */

/* Begin PBXShellScriptBuildPhase section */
		1938042B812500A86D38DED3 /* [CP] Embed Pods Frameworks */ = {
			isa = PBXShellScriptBuildPhase;
			buildActionMask = 2147483647;
			files = (
			);
			inputFileListPaths = (
				"${PODS_ROOT}/Target Support Files/Pods-ChatApp/Pods-ChatApp-frameworks-${CONFIGURATION}-input-files.xcfilelist",
			);
			name = "[CP] Embed Pods Frameworks";
			outputFileListPaths = (
				"${PODS_ROOT}/Target Support Files/Pods-ChatApp/Pods-ChatApp-frameworks-${CONFIGURATION}-output-files.xcfilelist",
			);
			runOnlyForDeploymentPostprocessing = 0;
			shellPath = /bin/sh;
			shellScript = "\"${PODS_ROOT}/Target Support Files/Pods-ChatApp/Pods-ChatApp-frameworks.sh\"\n";
			showEnvVarsInLog = 0;
		};
		636D6E871B2109C68FB177C0 /* [CP] Embed Pods Frameworks */ = {
			isa = PBXShellScriptBuildPhase;
			buildActionMask = 2147483647;
			files = (
			);
			inputFileListPaths = (
				"${PODS_ROOT}/Target Support Files/Pods-ChatApp-ChatAppUITests/Pods-ChatApp-ChatAppUITests-frameworks-${CONFIGURATION}-input-files.xcfilelist",
			);
			name = "[CP] Embed Pods Frameworks";
			outputFileListPaths = (
				"${PODS_ROOT}/Target Support Files/Pods-ChatApp-ChatAppUITests/Pods-ChatApp-ChatAppUITests-frameworks-${CONFIGURATION}-output-files.xcfilelist",
			);
			runOnlyForDeploymentPostprocessing = 0;
			shellPath = /bin/sh;
			shellScript = "\"${PODS_ROOT}/Target Support Files/Pods-ChatApp-ChatAppUITests/Pods-ChatApp-ChatAppUITests-frameworks.sh\"\n";
			showEnvVarsInLog = 0;
		};
		A71CA5A88F9A1146EFBD0056 /* [CP] Check Pods Manifest.lock */ = {
			isa = PBXShellScriptBuildPhase;
			buildActionMask = 2147483647;
			files = (
			);
			inputFileListPaths = (
			);
			inputPaths = (
				"${PODS_PODFILE_DIR_PATH}/Podfile.lock",
				"${PODS_ROOT}/Manifest.lock",
			);
			name = "[CP] Check Pods Manifest.lock";
			outputFileListPaths = (
			);
			outputPaths = (
				"$(DERIVED_FILE_DIR)/Pods-ChatApp-checkManifestLockResult.txt",
			);
			runOnlyForDeploymentPostprocessing = 0;
			shellPath = /bin/sh;
			shellScript = "diff \"${PODS_PODFILE_DIR_PATH}/Podfile.lock\" \"${PODS_ROOT}/Manifest.lock\" > /dev/null\nif [ $? != 0 ] ; then\n    # print error to STDERR\n    echo \"error: The sandbox is not in sync with the Podfile.lock. Run 'pod install' or update your CocoaPods installation.\" >&2\n    exit 1\nfi\n# This output is used by Xcode 'outputs' to avoid re-running this script phase.\necho \"SUCCESS\" > \"${SCRIPT_OUTPUT_FILE_0}\"\n";
			showEnvVarsInLog = 0;
		};
		B0CE1790BA8C0773522E3574 /* [CP] Check Pods Manifest.lock */ = {
			isa = PBXShellScriptBuildPhase;
			buildActionMask = 2147483647;
			files = (
			);
			inputFileListPaths = (
			);
			inputPaths = (
				"${PODS_PODFILE_DIR_PATH}/Podfile.lock",
				"${PODS_ROOT}/Manifest.lock",
			);
			name = "[CP] Check Pods Manifest.lock";
			outputFileListPaths = (
			);
			outputPaths = (
				"$(DERIVED_FILE_DIR)/Pods-ChatApp-ChatAppUITests-checkManifestLockResult.txt",
			);
			runOnlyForDeploymentPostprocessing = 0;
			shellPath = /bin/sh;
			shellScript = "diff \"${PODS_PODFILE_DIR_PATH}/Podfile.lock\" \"${PODS_ROOT}/Manifest.lock\" > /dev/null\nif [ $? != 0 ] ; then\n    # print error to STDERR\n    echo \"error: The sandbox is not in sync with the Podfile.lock. Run 'pod install' or update your CocoaPods installation.\" >&2\n    exit 1\nfi\n# This output is used by Xcode 'outputs' to avoid re-running this script phase.\necho \"SUCCESS\" > \"${SCRIPT_OUTPUT_FILE_0}\"\n";
			showEnvVarsInLog = 0;
		};
		EE028CFFED2704B1A6BF7318 /* [CP] Check Pods Manifest.lock */ = {
			isa = PBXShellScriptBuildPhase;
			buildActionMask = 2147483647;
			files = (
			);
			inputFileListPaths = (
			);
			inputPaths = (
				"${PODS_PODFILE_DIR_PATH}/Podfile.lock",
				"${PODS_ROOT}/Manifest.lock",
			);
			name = "[CP] Check Pods Manifest.lock";
			outputFileListPaths = (
			);
			outputPaths = (
				"$(DERIVED_FILE_DIR)/Pods-ChatAppTests-checkManifestLockResult.txt",
			);
			runOnlyForDeploymentPostprocessing = 0;
			shellPath = /bin/sh;
			shellScript = "diff \"${PODS_PODFILE_DIR_PATH}/Podfile.lock\" \"${PODS_ROOT}/Manifest.lock\" > /dev/null\nif [ $? != 0 ] ; then\n    # print error to STDERR\n    echo \"error: The sandbox is not in sync with the Podfile.lock. Run 'pod install' or update your CocoaPods installation.\" >&2\n    exit 1\nfi\n# This output is used by Xcode 'outputs' to avoid re-running this script phase.\necho \"SUCCESS\" > \"${SCRIPT_OUTPUT_FILE_0}\"\n";
			showEnvVarsInLog = 0;
		};
/* End PBXShellScriptBuildPhase section */

/* Begin PBXSourcesBuildPhase section */
		84AC5597251F4EE00037B66B /* Sources */ = {
			isa = PBXSourcesBuildPhase;
			buildActionMask = 2147483647;
			files = (
				84894D4725204DAA000128BF /* MyChatViewCell.swift in Sources */,
				84AC55A3251F4EE00037B66B /* ViewController.swift in Sources */,
				84AC559F251F4EE00037B66B /* AppDelegate.swift in Sources */,
				84894D5625206EB8000128BF /* YourChatViewCell.swift in Sources */,
				845D3BA42525D88A0038CCE1 /* UIViewController_Extension.swift in Sources */,
				8432EF6D25248DE90077156F /* UIcolor_Extension.swift in Sources */,
				849882132520D1450003E866 /* ChatCreateViewController.swift in Sources */,
				8412AAC4251F9768003BDD47 /* ChatRoomViewController.swift in Sources */,
				8498822D2520E5C50003E866 /* SignUpViewController.swift in Sources */,
				84894D4D25206A74000128BF /* MyBalloonView.swift in Sources */,
				845D3BAC2525EB3C0038CCE1 /* UIAlertController_ Extension.swift in Sources */,
				84AC55D7251F51A90037B66B /* ChatListViewController.swift in Sources */,
				84AC55A1251F4EE00037B66B /* SceneDelegate.swift in Sources */,
				84988206252076240003E866 /* YourBalloonView.swift in Sources */,
				849882282520E5B60003E866 /* LoginViewController.swift in Sources */,
			);
			runOnlyForDeploymentPostprocessing = 0;
		};
		84AC55AD251F4EE20037B66B /* Sources */ = {
			isa = PBXSourcesBuildPhase;
			buildActionMask = 2147483647;
			files = (
				84AC55B6251F4EE20037B66B /* ChatAppTests.swift in Sources */,
			);
			runOnlyForDeploymentPostprocessing = 0;
		};
		84AC55B8251F4EE20037B66B /* Sources */ = {
			isa = PBXSourcesBuildPhase;
			buildActionMask = 2147483647;
			files = (
				84AC55C1251F4EE20037B66B /* ChatAppUITests.swift in Sources */,
			);
			runOnlyForDeploymentPostprocessing = 0;
		};
/* End PBXSourcesBuildPhase section */

/* Begin PBXTargetDependency section */
		84AC55B3251F4EE20037B66B /* PBXTargetDependency */ = {
			isa = PBXTargetDependency;
			target = 84AC559A251F4EE00037B66B /* ChatApp */;
			targetProxy = 84AC55B2251F4EE20037B66B /* PBXContainerItemProxy */;
		};
		84AC55BE251F4EE20037B66B /* PBXTargetDependency */ = {
			isa = PBXTargetDependency;
			target = 84AC559A251F4EE00037B66B /* ChatApp */;
			targetProxy = 84AC55BD251F4EE20037B66B /* PBXContainerItemProxy */;
		};
/* End PBXTargetDependency section */

/* Begin PBXVariantGroup section */
		84AC55A4251F4EE00037B66B /* Main.storyboard */ = {
			isa = PBXVariantGroup;
			children = (
				84AC55A5251F4EE00037B66B /* Base */,
			);
			name = Main.storyboard;
			sourceTree = "<group>";
		};
		84AC55A9251F4EE20037B66B /* LaunchScreen.storyboard */ = {
			isa = PBXVariantGroup;
			children = (
				84AC55AA251F4EE20037B66B /* Base */,
			);
			name = LaunchScreen.storyboard;
			sourceTree = "<group>";
		};
/* End PBXVariantGroup section */

/* Begin XCBuildConfiguration section */
		84AC55C3251F4EE20037B66B /* Debug */ = {
			isa = XCBuildConfiguration;
			buildSettings = {
				ALWAYS_SEARCH_USER_PATHS = NO;
				CLANG_ANALYZER_NONNULL = YES;
				CLANG_ANALYZER_NUMBER_OBJECT_CONVERSION = YES_AGGRESSIVE;
				CLANG_CXX_LANGUAGE_STANDARD = "gnu++14";
				CLANG_CXX_LIBRARY = "libc++";
				CLANG_ENABLE_MODULES = YES;
				CLANG_ENABLE_OBJC_ARC = YES;
				CLANG_ENABLE_OBJC_WEAK = YES;
				CLANG_WARN_BLOCK_CAPTURE_AUTORELEASING = YES;
				CLANG_WARN_BOOL_CONVERSION = YES;
				CLANG_WARN_COMMA = YES;
				CLANG_WARN_CONSTANT_CONVERSION = YES;
				CLANG_WARN_DEPRECATED_OBJC_IMPLEMENTATIONS = YES;
				CLANG_WARN_DIRECT_OBJC_ISA_USAGE = YES_ERROR;
				CLANG_WARN_DOCUMENTATION_COMMENTS = YES;
				CLANG_WARN_EMPTY_BODY = YES;
				CLANG_WARN_ENUM_CONVERSION = YES;
				CLANG_WARN_INFINITE_RECURSION = YES;
				CLANG_WARN_INT_CONVERSION = YES;
				CLANG_WARN_NON_LITERAL_NULL_CONVERSION = YES;
				CLANG_WARN_OBJC_IMPLICIT_RETAIN_SELF = YES;
				CLANG_WARN_OBJC_LITERAL_CONVERSION = YES;
				CLANG_WARN_OBJC_ROOT_CLASS = YES_ERROR;
				CLANG_WARN_QUOTED_INCLUDE_IN_FRAMEWORK_HEADER = YES;
				CLANG_WARN_RANGE_LOOP_ANALYSIS = YES;
				CLANG_WARN_STRICT_PROTOTYPES = YES;
				CLANG_WARN_SUSPICIOUS_MOVE = YES;
				CLANG_WARN_UNGUARDED_AVAILABILITY = YES_AGGRESSIVE;
				CLANG_WARN_UNREACHABLE_CODE = YES;
				CLANG_WARN__DUPLICATE_METHOD_MATCH = YES;
				COPY_PHASE_STRIP = NO;
				DEBUG_INFORMATION_FORMAT = dwarf;
				ENABLE_STRICT_OBJC_MSGSEND = YES;
				ENABLE_TESTABILITY = YES;
				GCC_C_LANGUAGE_STANDARD = gnu11;
				GCC_DYNAMIC_NO_PIC = NO;
				GCC_NO_COMMON_BLOCKS = YES;
				GCC_OPTIMIZATION_LEVEL = 0;
				GCC_PREPROCESSOR_DEFINITIONS = (
					"DEBUG=1",
					"$(inherited)",
				);
				GCC_WARN_64_TO_32_BIT_CONVERSION = YES;
				GCC_WARN_ABOUT_RETURN_TYPE = YES_ERROR;
				GCC_WARN_UNDECLARED_SELECTOR = YES;
				GCC_WARN_UNINITIALIZED_AUTOS = YES_AGGRESSIVE;
				GCC_WARN_UNUSED_FUNCTION = YES;
				GCC_WARN_UNUSED_VARIABLE = YES;
				IPHONEOS_DEPLOYMENT_TARGET = 14.0;
				MTL_ENABLE_DEBUG_INFO = INCLUDE_SOURCE;
				MTL_FAST_MATH = YES;
				ONLY_ACTIVE_ARCH = YES;
				SDKROOT = iphoneos;
				SWIFT_ACTIVE_COMPILATION_CONDITIONS = DEBUG;
				SWIFT_OPTIMIZATION_LEVEL = "-Onone";
			};
			name = Debug;
		};
		84AC55C4251F4EE20037B66B /* Release */ = {
			isa = XCBuildConfiguration;
			buildSettings = {
				ALWAYS_SEARCH_USER_PATHS = NO;
				CLANG_ANALYZER_NONNULL = YES;
				CLANG_ANALYZER_NUMBER_OBJECT_CONVERSION = YES_AGGRESSIVE;
				CLANG_CXX_LANGUAGE_STANDARD = "gnu++14";
				CLANG_CXX_LIBRARY = "libc++";
				CLANG_ENABLE_MODULES = YES;
				CLANG_ENABLE_OBJC_ARC = YES;
				CLANG_ENABLE_OBJC_WEAK = YES;
				CLANG_WARN_BLOCK_CAPTURE_AUTORELEASING = YES;
				CLANG_WARN_BOOL_CONVERSION = YES;
				CLANG_WARN_COMMA = YES;
				CLANG_WARN_CONSTANT_CONVERSION = YES;
				CLANG_WARN_DEPRECATED_OBJC_IMPLEMENTATIONS = YES;
				CLANG_WARN_DIRECT_OBJC_ISA_USAGE = YES_ERROR;
				CLANG_WARN_DOCUMENTATION_COMMENTS = YES;
				CLANG_WARN_EMPTY_BODY = YES;
				CLANG_WARN_ENUM_CONVERSION = YES;
				CLANG_WARN_INFINITE_RECURSION = YES;
				CLANG_WARN_INT_CONVERSION = YES;
				CLANG_WARN_NON_LITERAL_NULL_CONVERSION = YES;
				CLANG_WARN_OBJC_IMPLICIT_RETAIN_SELF = YES;
				CLANG_WARN_OBJC_LITERAL_CONVERSION = YES;
				CLANG_WARN_OBJC_ROOT_CLASS = YES_ERROR;
				CLANG_WARN_QUOTED_INCLUDE_IN_FRAMEWORK_HEADER = YES;
				CLANG_WARN_RANGE_LOOP_ANALYSIS = YES;
				CLANG_WARN_STRICT_PROTOTYPES = YES;
				CLANG_WARN_SUSPICIOUS_MOVE = YES;
				CLANG_WARN_UNGUARDED_AVAILABILITY = YES_AGGRESSIVE;
				CLANG_WARN_UNREACHABLE_CODE = YES;
				CLANG_WARN__DUPLICATE_METHOD_MATCH = YES;
				COPY_PHASE_STRIP = NO;
				DEBUG_INFORMATION_FORMAT = "dwarf-with-dsym";
				ENABLE_NS_ASSERTIONS = NO;
				ENABLE_STRICT_OBJC_MSGSEND = YES;
				GCC_C_LANGUAGE_STANDARD = gnu11;
				GCC_NO_COMMON_BLOCKS = YES;
				GCC_WARN_64_TO_32_BIT_CONVERSION = YES;
				GCC_WARN_ABOUT_RETURN_TYPE = YES_ERROR;
				GCC_WARN_UNDECLARED_SELECTOR = YES;
				GCC_WARN_UNINITIALIZED_AUTOS = YES_AGGRESSIVE;
				GCC_WARN_UNUSED_FUNCTION = YES;
				GCC_WARN_UNUSED_VARIABLE = YES;
				IPHONEOS_DEPLOYMENT_TARGET = 14.0;
				MTL_ENABLE_DEBUG_INFO = NO;
				MTL_FAST_MATH = YES;
				SDKROOT = iphoneos;
				SWIFT_COMPILATION_MODE = wholemodule;
				SWIFT_OPTIMIZATION_LEVEL = "-O";
				VALIDATE_PRODUCT = YES;
			};
			name = Release;
		};
		84AC55C6251F4EE20037B66B /* Debug */ = {
			isa = XCBuildConfiguration;
			baseConfigurationReference = CC0138948FC287996151055F /* Pods-ChatApp.debug.xcconfig */;
			buildSettings = {
				ASSETCATALOG_COMPILER_APPICON_NAME = AppIcon;
				ASSETCATALOG_COMPILER_GLOBAL_ACCENT_COLOR_NAME = AccentColor;
				CODE_SIGN_STYLE = Automatic;
				INFOPLIST_FILE = ChatApp/Info.plist;
				LD_RUNPATH_SEARCH_PATHS = (
					"$(inherited)",
					"@executable_path/Frameworks",
				);
				PRODUCT_BUNDLE_IDENTIFIER = com.gmail.uf1ohdpwgm.ChatApp;
				PRODUCT_NAME = "$(TARGET_NAME)";
				SWIFT_VERSION = 5.0;
				TARGETED_DEVICE_FAMILY = 1;
			};
			name = Debug;
		};
		84AC55C7251F4EE20037B66B /* Release */ = {
			isa = XCBuildConfiguration;
			baseConfigurationReference = B2FE7D0B2ED567EFFD2BBA29 /* Pods-ChatApp.release.xcconfig */;
			buildSettings = {
				ASSETCATALOG_COMPILER_APPICON_NAME = AppIcon;
				ASSETCATALOG_COMPILER_GLOBAL_ACCENT_COLOR_NAME = AccentColor;
				CODE_SIGN_STYLE = Automatic;
				INFOPLIST_FILE = ChatApp/Info.plist;
				LD_RUNPATH_SEARCH_PATHS = (
					"$(inherited)",
					"@executable_path/Frameworks",
				);
				PRODUCT_BUNDLE_IDENTIFIER = com.gmail.uf1ohdpwgm.ChatApp;
				PRODUCT_NAME = "$(TARGET_NAME)";
				SWIFT_VERSION = 5.0;
				TARGETED_DEVICE_FAMILY = 1;
			};
			name = Release;
		};
		84AC55C9251F4EE20037B66B /* Debug */ = {
			isa = XCBuildConfiguration;
			baseConfigurationReference = BC50F77C29B7A64A29976FEE /* Pods-ChatAppTests.debug.xcconfig */;
			buildSettings = {
				ALWAYS_EMBED_SWIFT_STANDARD_LIBRARIES = YES;
				BUNDLE_LOADER = "$(TEST_HOST)";
				CODE_SIGN_STYLE = Automatic;
				INFOPLIST_FILE = ChatAppTests/Info.plist;
				IPHONEOS_DEPLOYMENT_TARGET = 14.0;
				LD_RUNPATH_SEARCH_PATHS = (
					"$(inherited)",
					"@executable_path/Frameworks",
					"@loader_path/Frameworks",
				);
				PRODUCT_BUNDLE_IDENTIFIER = com.gmail.uf1ohdpwgm.ChatAppTests;
				PRODUCT_NAME = "$(TARGET_NAME)";
				SWIFT_VERSION = 5.0;
				TARGETED_DEVICE_FAMILY = "1,2";
				TEST_HOST = "$(BUILT_PRODUCTS_DIR)/ChatApp.app/ChatApp";
			};
			name = Debug;
		};
		84AC55CA251F4EE20037B66B /* Release */ = {
			isa = XCBuildConfiguration;
			baseConfigurationReference = 60D80B5A7470A614F95DD458 /* Pods-ChatAppTests.release.xcconfig */;
			buildSettings = {
				ALWAYS_EMBED_SWIFT_STANDARD_LIBRARIES = YES;
				BUNDLE_LOADER = "$(TEST_HOST)";
				CODE_SIGN_STYLE = Automatic;
				INFOPLIST_FILE = ChatAppTests/Info.plist;
				IPHONEOS_DEPLOYMENT_TARGET = 14.0;
				LD_RUNPATH_SEARCH_PATHS = (
					"$(inherited)",
					"@executable_path/Frameworks",
					"@loader_path/Frameworks",
				);
				PRODUCT_BUNDLE_IDENTIFIER = com.gmail.uf1ohdpwgm.ChatAppTests;
				PRODUCT_NAME = "$(TARGET_NAME)";
				SWIFT_VERSION = 5.0;
				TARGETED_DEVICE_FAMILY = "1,2";
				TEST_HOST = "$(BUILT_PRODUCTS_DIR)/ChatApp.app/ChatApp";
			};
			name = Release;
		};
		84AC55CC251F4EE20037B66B /* Debug */ = {
			isa = XCBuildConfiguration;
			baseConfigurationReference = 62803DD86FA63FE4EEEA1C4F /* Pods-ChatApp-ChatAppUITests.debug.xcconfig */;
			buildSettings = {
				ALWAYS_EMBED_SWIFT_STANDARD_LIBRARIES = YES;
				CODE_SIGN_STYLE = Automatic;
				INFOPLIST_FILE = ChatAppUITests/Info.plist;
				LD_RUNPATH_SEARCH_PATHS = (
					"$(inherited)",
					"@executable_path/Frameworks",
					"@loader_path/Frameworks",
				);
				PRODUCT_BUNDLE_IDENTIFIER = com.gmail.uf1ohdpwgm.ChatAppUITests;
				PRODUCT_NAME = "$(TARGET_NAME)";
				SWIFT_VERSION = 5.0;
				TARGETED_DEVICE_FAMILY = "1,2";
				TEST_TARGET_NAME = ChatApp;
			};
			name = Debug;
		};
		84AC55CD251F4EE20037B66B /* Release */ = {
			isa = XCBuildConfiguration;
			baseConfigurationReference = 56696AA51B9A5910B981C976 /* Pods-ChatApp-ChatAppUITests.release.xcconfig */;
			buildSettings = {
				ALWAYS_EMBED_SWIFT_STANDARD_LIBRARIES = YES;
				CODE_SIGN_STYLE = Automatic;
				INFOPLIST_FILE = ChatAppUITests/Info.plist;
				LD_RUNPATH_SEARCH_PATHS = (
					"$(inherited)",
					"@executable_path/Frameworks",
					"@loader_path/Frameworks",
				);
				PRODUCT_BUNDLE_IDENTIFIER = com.gmail.uf1ohdpwgm.ChatAppUITests;
				PRODUCT_NAME = "$(TARGET_NAME)";
				SWIFT_VERSION = 5.0;
				TARGETED_DEVICE_FAMILY = "1,2";
				TEST_TARGET_NAME = ChatApp;
			};
			name = Release;
		};
/* End XCBuildConfiguration section */

/* Begin XCConfigurationList section */
		84AC5596251F4EE00037B66B /* Build configuration list for PBXProject "ChatApp" */ = {
			isa = XCConfigurationList;
			buildConfigurations = (
				84AC55C3251F4EE20037B66B /* Debug */,
				84AC55C4251F4EE20037B66B /* Release */,
			);
			defaultConfigurationIsVisible = 0;
			defaultConfigurationName = Release;
		};
		84AC55C5251F4EE20037B66B /* Build configuration list for PBXNativeTarget "ChatApp" */ = {
			isa = XCConfigurationList;
			buildConfigurations = (
				84AC55C6251F4EE20037B66B /* Debug */,
				84AC55C7251F4EE20037B66B /* Release */,
			);
			defaultConfigurationIsVisible = 0;
			defaultConfigurationName = Release;
		};
		84AC55C8251F4EE20037B66B /* Build configuration list for PBXNativeTarget "ChatAppTests" */ = {
			isa = XCConfigurationList;
			buildConfigurations = (
				84AC55C9251F4EE20037B66B /* Debug */,
				84AC55CA251F4EE20037B66B /* Release */,
			);
			defaultConfigurationIsVisible = 0;
			defaultConfigurationName = Release;
		};
		84AC55CB251F4EE20037B66B /* Build configuration list for PBXNativeTarget "ChatAppUITests" */ = {
			isa = XCConfigurationList;
			buildConfigurations = (
				84AC55CC251F4EE20037B66B /* Debug */,
				84AC55CD251F4EE20037B66B /* Release */,
			);
			defaultConfigurationIsVisible = 0;
			defaultConfigurationName = Release;
		};
/* End XCConfigurationList section */
	};
	rootObject = 84AC5593251F4EE00037B66B /* Project object */;
}
